
Microsoft Visual Studio Solution File, Format Version 12.00
# Visual Studio Version 17
VisualStudioVersion = 17.3.32929.385
MinimumVisualStudioVersion = 10.0.40219.1
Project("{FAE04EC0-301F-11D3-BF4B-00C04F79EFBC}") = "CreateSession", "CreateSession\CreateSession.csproj", "{EF435893-8253-42EF-AEAA-95B9366CAC26}"
EndProject
Project("{FAE04EC0-301F-11D3-BF4B-00C04F79EFBC}") = "ResetPassword", "ResetPasswordDialog\ResetPassword.csproj", "{4A7EB7A5-040A-49F3-A20E-1ABA63DD5DFF}"
EndProject
Project("{FAE04EC0-301F-11D3-BF4B-00C04F79EFBC}") = "ChangePassword", "ChangePassword\ChangePassword.csproj", "{8BCAB381-E8BD-4B7F-85D6-BCBC54F3ECAF}"
EndProject
Project("{FAE04EC0-301F-11D3-BF4B-00C04F79EFBC}") = "SessionEstablisher", "SessionEstablisher\SessionEstablisher.csproj", "{FE0945AC-3F28-4C41-BA00-3F655430D03C}"
EndProject
Global
	GlobalSection(SolutionConfigurationPlatforms) = preSolution
		Debug|Any CPU = Debug|Any CPU
		Debug|x64 = Debug|x64
		Debug|x86 = Debug|x86
		Release|Any CPU = Release|Any CPU
		Release|x64 = Release|x64
		Release|x86 = Release|x86
	EndGlobalSection
	GlobalSection(ProjectConfigurationPlatforms) = postSolution
		{EF435893-8253-42EF-AEAA-95B9366CAC26}.Debug|Any CPU.ActiveCfg = Debug|Any CPU
		{EF435893-8253-42EF-AEAA-95B9366CAC26}.Debug|Any CPU.Build.0 = Debug|Any CPU
		{EF435893-8253-42EF-AEAA-95B9366CAC26}.Debug|x64.ActiveCfg = Debug|Any CPU
		{EF435893-8253-42EF-AEAA-95B9366CAC26}.Debug|x64.Build.0 = Debug|Any CPU
		{EF435893-8253-42EF-AEAA-95B9366CAC26}.Debug|x86.ActiveCfg = Debug|Any CPU
		{EF435893-8253-42EF-AEAA-95B9366CAC26}.Debug|x86.Build.0 = Debug|Any CPU
		{EF435893-8253-42EF-AEAA-95B9366CAC26}.Release|Any CPU.ActiveCfg = Release|Any CPU
		{EF435893-8253-42EF-AEAA-95B9366CAC26}.Release|Any CPU.Build.0 = Release|Any CPU
		{EF435893-8253-42EF-AEAA-95B9366CAC26}.Release|x64.ActiveCfg = Release|Any CPU
		{EF435893-8253-42EF-AEAA-95B9366CAC26}.Release|x64.Build.0 = Release|Any CPU
		{EF435893-8253-42EF-AEAA-95B9366CAC26}.Release|x86.ActiveCfg = Release|Any CPU
		{EF435893-8253-42EF-AEAA-95B9366CAC26}.Release|x86.Build.0 = Release|Any CPU
		{4A7EB7A5-040A-49F3-A20E-1ABA63DD5DFF}.Debug|Any CPU.ActiveCfg = Debug|Any CPU
		{4A7EB7A5-040A-49F3-A20E-1ABA63DD5DFF}.Debug|Any CPU.Build.0 = Debug|Any CPU
		{4A7EB7A5-040A-49F3-A20E-1ABA63DD5DFF}.Debug|x64.ActiveCfg = Debug|Any CPU
		{4A7EB7A5-040A-49F3-A20E-1ABA63DD5DFF}.Debug|x64.Build.0 = Debug|Any CPU
		{4A7EB7A5-040A-49F3-A20E-1ABA63DD5DFF}.Debug|x86.ActiveCfg = Debug|Any CPU
		{4A7EB7A5-040A-49F3-A20E-1ABA63DD5DFF}.Debug|x86.Build.0 = Debug|Any CPU
		{4A7EB7A5-040A-49F3-A20E-1ABA63DD5DFF}.Release|Any CPU.ActiveCfg = Release|Any CPU
		{4A7EB7A5-040A-49F3-A20E-1ABA63DD5DFF}.Release|Any CPU.Build.0 = Release|Any CPU
		{4A7EB7A5-040A-49F3-A20E-1ABA63DD5DFF}.Release|x64.ActiveCfg = Release|Any CPU
		{4A7EB7A5-040A-49F3-A20E-1ABA63DD5DFF}.Release|x64.Build.0 = Release|Any CPU
		{4A7EB7A5-040A-49F3-A20E-1ABA63DD5DFF}.Release|x86.ActiveCfg = Release|Any CPU
		{4A7EB7A5-040A-49F3-A20E-1ABA63DD5DFF}.Release|x86.Build.0 = Release|Any CPU
		{8BCAB381-E8BD-4B7F-85D6-BCBC54F3ECAF}.Debug|Any CPU.ActiveCfg = Debug|Any CPU
		{8BCAB381-E8BD-4B7F-85D6-BCBC54F3ECAF}.Debug|Any CPU.Build.0 = Debug|Any CPU
		{8BCAB381-E8BD-4B7F-85D6-BCBC54F3ECAF}.Debug|x64.ActiveCfg = Debug|Any CPU
		{8BCAB381-E8BD-4B7F-85D6-BCBC54F3ECAF}.Debug|x64.Build.0 = Debug|Any CPU
		{8BCAB381-E8BD-4B7F-85D6-BCBC54F3ECAF}.Debug|x86.ActiveCfg = Debug|Any CPU
		{8BCAB381-E8BD-4B7F-85D6-BCBC54F3ECAF}.Debug|x86.Build.0 = Debug|Any CPU
		{8BCAB381-E8BD-4B7F-85D6-BCBC54F3ECAF}.Release|Any CPU.ActiveCfg = Release|Any CPU
		{8BCAB381-E8BD-4B7F-85D6-BCBC54F3ECAF}.Release|Any CPU.Build.0 = Release|Any CPU
		{8BCAB381-E8BD-4B7F-85D6-BCBC54F3ECAF}.Release|x64.ActiveCfg = Release|Any CPU
		{8BCAB381-E8BD-4B7F-85D6-BCBC54F3ECAF}.Release|x64.Build.0 = Release|Any CPU
		{8BCAB381-E8BD-4B7F-85D6-BCBC54F3ECAF}.Release|x86.ActiveCfg = Release|Any CPU
		{8BCAB381-E8BD-4B7F-85D6-BCBC54F3ECAF}.Release|x86.Build.0 = Release|Any CPU
		{FE0945AC-3F28-4C41-BA00-3F655430D03C}.Debug|Any CPU.ActiveCfg = Debug|Any CPU
		{FE0945AC-3F28-4C41-BA00-3F655430D03C}.Debug|Any CPU.Build.0 = Debug|Any CPU
		{FE0945AC-3F28-4C41-BA00-3F655430D03C}.Debug|x64.ActiveCfg = Debug|Any CPU
		{FE0945AC-3F28-4C41-BA00-3F655430D03C}.Debug|x64.Build.0 = Debug|Any CPU
		{FE0945AC-3F28-4C41-BA00-3F655430D03C}.Debug|x86.ActiveCfg = Debug|Any CPU
		{FE0945AC-3F28-4C41-BA00-3F655430D03C}.Debug|x86.Build.0 = Debug|Any CPU
		{FE0945AC-3F28-4C41-BA00-3F655430D03C}.Release|Any CPU.ActiveCfg = Release|Any CPU
		{FE0945AC-3F28-4C41-BA00-3F655430D03C}.Release|Any CPU.Build.0 = Release|Any CPU
		{FE0945AC-3F28-4C41-BA00-3F655430D03C}.Release|x64.ActiveCfg = Release|Any CPU
		{FE0945AC-3F28-4C41-BA00-3F655430D03C}.Release|x64.Build.0 = Release|Any CPU
		{FE0945AC-3F28-4C41-BA00-3F655430D03C}.Release|x86.ActiveCfg = Release|Any CPU
		{FE0945AC-3F28-4C41-BA00-3F655430D03C}.Release|x86.Build.0 = Release|Any CPU
	EndGlobalSection
	GlobalSection(SolutionProperties) = preSolution
		HideSolutionNode = FALSE
	EndGlobalSection
	GlobalSection(ExtensibilityGlobals) = postSolution
		SolutionGuid = {3DC61728-FCD1-46C1-B295-1646D81DDBD7}
	EndGlobalSection
EndGlobal
